
Microsoft Visual Studio Solution File, Format Version 12.00
# Visual Studio Version 17
VisualStudioVersion = 17.0.32112.339
MinimumVisualStudioVersion = 10.0.40219.1
Project("{FAE04EC0-301F-11D3-BF4B-00C04F79EFBC}") = "prjExamFinal", "prjExamFinal\prjExamFinal.csproj", "{2F55EA0F-DE4F-4249-AAF6-7E950B4DACDB}"
EndProject
Global
	GlobalSection(SolutionConfigurationPlatforms) = preSolution
		Debug|Any CPU = Debug|Any CPU
		Release|Any CPU = Release|Any CPU
	EndGlobalSection
	GlobalSection(ProjectConfigurationPlatforms) = postSolution
		{2F55EA0F-DE4F-4249-AAF6-7E950B4DACDB}.Debug|Any CPU.ActiveCfg = Debug|Any CPU
		{2F55EA0F-DE4F-4249-AAF6-7E950B4DACDB}.Debug|Any CPU.Build.0 = Debug|Any CPU
		{2F55EA0F-DE4F-4249-AAF6-7E950B4DACDB}.Release|Any CPU.ActiveCfg = Release|Any CPU
		{2F55EA0F-DE4F-4249-AAF6-7E950B4DACDB}.Release|Any CPU.Build.0 = Release|Any CPU
	EndGlobalSection
	GlobalSection(SolutionProperties) = preSolution
		HideSolutionNode = FALSE
	EndGlobalSection
	GlobalSection(ExtensibilityGlobals) = postSolution
		SolutionGuid = {07D92AD1-CD52-49ED-9EC7-BC22BA9A2E0D}
	EndGlobalSection
EndGlobal
